
Microsoft Visual Studio Solution File, Format Version 12.00
# Visual Studio 2013
VisualStudioVersion = 12.0.31101.0
MinimumVisualStudioVersion = 10.0.40219.1
Project("{FAE04EC0-301F-11D3-BF4B-00C04F79EFBC}") = "ImportStack", "ImportStack\ImportStack.csproj", "{7BD8D628-B17C-4840-A773-8B676396B002}"
EndProject
Project("{FAE04EC0-301F-11D3-BF4B-00C04F79EFBC}") = "StackData", "StackData\StackData.csproj", "{4E6442A6-27BC-40F7-AE7E-A4176F6509D4}"
EndProject
Project("{2150E333-8FDC-42A3-9474-1A3956D46DE8}") = "Solution Items", "Solution Items", "{CA38229A-6F08-4923-B204-A72941458710}"
	ProjectSection(SolutionItems) = preProject
		README.md = README.md
	EndProjectSection
EndProject
Project("{FAE04EC0-301F-11D3-BF4B-00C04F79EFBC}") = "SearchTest", "SearchTest\SearchTest.csproj", "{5B820858-F030-42EA-8E2A-CB41AEDD2AD5}"
EndProject
Project("{FAE04EC0-301F-11D3-BF4B-00C04F79EFBC}") = "Search", "Search\Search.csproj", "{91BCE824-8023-49AB-AC1D-D56E0437B0F0}"
EndProject
Project("{FAE04EC0-301F-11D3-BF4B-00C04F79EFBC}") = "WebMvc", "WebMvc\WebMvc.csproj", "{8DCD6306-F8C3-4F78-9949-7F19686B69E5}"
EndProject
Global
	GlobalSection(SolutionConfigurationPlatforms) = preSolution
		Debug|Any CPU = Debug|Any CPU
		Debug|x64 = Debug|x64
		Debug|x86 = Debug|x86
		Release|Any CPU = Release|Any CPU
		Release|x64 = Release|x64
		Release|x86 = Release|x86
	EndGlobalSection
	GlobalSection(ProjectConfigurationPlatforms) = postSolution
		{7BD8D628-B17C-4840-A773-8B676396B002}.Debug|Any CPU.ActiveCfg = Debug|Any CPU
		{7BD8D628-B17C-4840-A773-8B676396B002}.Debug|Any CPU.Build.0 = Debug|Any CPU
		{7BD8D628-B17C-4840-A773-8B676396B002}.Debug|x64.ActiveCfg = Debug|Any CPU
		{7BD8D628-B17C-4840-A773-8B676396B002}.Debug|x86.ActiveCfg = Debug|Any CPU
		{7BD8D628-B17C-4840-A773-8B676396B002}.Release|Any CPU.ActiveCfg = Release|Any CPU
		{7BD8D628-B17C-4840-A773-8B676396B002}.Release|Any CPU.Build.0 = Release|Any CPU
		{7BD8D628-B17C-4840-A773-8B676396B002}.Release|x64.ActiveCfg = Release|x64
		{7BD8D628-B17C-4840-A773-8B676396B002}.Release|x64.Build.0 = Release|x64
		{7BD8D628-B17C-4840-A773-8B676396B002}.Release|x86.ActiveCfg = Release|Any CPU
		{4E6442A6-27BC-40F7-AE7E-A4176F6509D4}.Debug|Any CPU.ActiveCfg = Debug|Any CPU
		{4E6442A6-27BC-40F7-AE7E-A4176F6509D4}.Debug|Any CPU.Build.0 = Debug|Any CPU
		{4E6442A6-27BC-40F7-AE7E-A4176F6509D4}.Debug|x64.ActiveCfg = Debug|Any CPU
		{4E6442A6-27BC-40F7-AE7E-A4176F6509D4}.Debug|x86.ActiveCfg = Debug|Any CPU
		{4E6442A6-27BC-40F7-AE7E-A4176F6509D4}.Release|Any CPU.ActiveCfg = Release|Any CPU
		{4E6442A6-27BC-40F7-AE7E-A4176F6509D4}.Release|Any CPU.Build.0 = Release|Any CPU
		{4E6442A6-27BC-40F7-AE7E-A4176F6509D4}.Release|x64.ActiveCfg = Release|x64
		{4E6442A6-27BC-40F7-AE7E-A4176F6509D4}.Release|x64.Build.0 = Release|x64
		{4E6442A6-27BC-40F7-AE7E-A4176F6509D4}.Release|x86.ActiveCfg = Release|Any CPU
		{5B820858-F030-42EA-8E2A-CB41AEDD2AD5}.Debug|Any CPU.ActiveCfg = Debug|Any CPU
		{5B820858-F030-42EA-8E2A-CB41AEDD2AD5}.Debug|Any CPU.Build.0 = Debug|Any CPU
		{5B820858-F030-42EA-8E2A-CB41AEDD2AD5}.Debug|x64.ActiveCfg = Debug|Any CPU
		{5B820858-F030-42EA-8E2A-CB41AEDD2AD5}.Debug|x86.ActiveCfg = Debug|Any CPU
		{5B820858-F030-42EA-8E2A-CB41AEDD2AD5}.Release|Any CPU.ActiveCfg = Release|Any CPU
		{5B820858-F030-42EA-8E2A-CB41AEDD2AD5}.Release|Any CPU.Build.0 = Release|Any CPU
		{5B820858-F030-42EA-8E2A-CB41AEDD2AD5}.Release|x64.ActiveCfg = Release|x64
		{5B820858-F030-42EA-8E2A-CB41AEDD2AD5}.Release|x64.Build.0 = Release|x64
		{5B820858-F030-42EA-8E2A-CB41AEDD2AD5}.Release|x86.ActiveCfg = Release|Any CPU
		{91BCE824-8023-49AB-AC1D-D56E0437B0F0}.Debug|Any CPU.ActiveCfg = Debug|Any CPU
		{91BCE824-8023-49AB-AC1D-D56E0437B0F0}.Debug|Any CPU.Build.0 = Debug|Any CPU
		{91BCE824-8023-49AB-AC1D-D56E0437B0F0}.Debug|x64.ActiveCfg = Debug|Any CPU
		{91BCE824-8023-49AB-AC1D-D56E0437B0F0}.Debug|x86.ActiveCfg = Debug|Any CPU
		{91BCE824-8023-49AB-AC1D-D56E0437B0F0}.Release|Any CPU.ActiveCfg = Release|Any CPU
		{91BCE824-8023-49AB-AC1D-D56E0437B0F0}.Release|Any CPU.Build.0 = Release|Any CPU
		{91BCE824-8023-49AB-AC1D-D56E0437B0F0}.Release|x64.ActiveCfg = Release|x64
		{91BCE824-8023-49AB-AC1D-D56E0437B0F0}.Release|x64.Build.0 = Release|x64
		{91BCE824-8023-49AB-AC1D-D56E0437B0F0}.Release|x86.ActiveCfg = Release|Any CPU
		{8DCD6306-F8C3-4F78-9949-7F19686B69E5}.Debug|Any CPU.ActiveCfg = Debug|Any CPU
		{8DCD6306-F8C3-4F78-9949-7F19686B69E5}.Debug|Any CPU.Build.0 = Debug|Any CPU
		{8DCD6306-F8C3-4F78-9949-7F19686B69E5}.Debug|x64.ActiveCfg = Debug|Any CPU
		{8DCD6306-F8C3-4F78-9949-7F19686B69E5}.Debug|x86.ActiveCfg = Debug|Any CPU
		{8DCD6306-F8C3-4F78-9949-7F19686B69E5}.Release|Any CPU.ActiveCfg = Release|Any CPU
		{8DCD6306-F8C3-4F78-9949-7F19686B69E5}.Release|Any CPU.Build.0 = Release|Any CPU
		{8DCD6306-F8C3-4F78-9949-7F19686B69E5}.Release|x64.ActiveCfg = Release|Any CPU
		{8DCD6306-F8C3-4F78-9949-7F19686B69E5}.Release|x86.ActiveCfg = Release|Any CPU
	EndGlobalSection
	GlobalSection(SolutionProperties) = preSolution
		HideSolutionNode = FALSE
	EndGlobalSection
EndGlobal
